// !$*UTF8*$!
{
	archiveVersion = 1;
	classes = {
	};
	objectVersion = 56;
	objects = {

/* Begin PBXBuildFile section */
		5E5335652BC4113500B8413D /* AppDelegate.swift in Sources */ = {isa = PBXBuildFile; fileRef = 5E5335642BC4113500B8413D /* AppDelegate.swift */; };
		5E5335672BC4113500B8413D /* SceneDelegate.swift in Sources */ = {isa = PBXBuildFile; fileRef = 5E5335662BC4113500B8413D /* SceneDelegate.swift */; };
		5E5335692BC4113500B8413D /* ViewController.swift in Sources */ = {isa = PBXBuildFile; fileRef = 5E5335682BC4113500B8413D /* ViewController.swift */; };
		5E53356C2BC4113500B8413D /* Main.storyboard in Resources */ = {isa = PBXBuildFile; fileRef = 5E53356A2BC4113500B8413D /* Main.storyboard */; };
		5E53356E2BC4113600B8413D /* Assets.xcassets in Resources */ = {isa = PBXBuildFile; fileRef = 5E53356D2BC4113600B8413D /* Assets.xcassets */; };
		5E5335712BC4113600B8413D /* LaunchScreen.storyboard in Resources */ = {isa = PBXBuildFile; fileRef = 5E53356F2BC4113600B8413D /* LaunchScreen.storyboard */; };
		5E53357C2BC4113600B8413D /* Ecom_LA_21510108Tests.swift in Sources */ = {isa = PBXBuildFile; fileRef = 5E53357B2BC4113600B8413D /* Ecom_LA_21510108Tests.swift */; };
		5E5335862BC4113600B8413D /* Ecom_LA_21510108UITests.swift in Sources */ = {isa = PBXBuildFile; fileRef = 5E5335852BC4113600B8413D /* Ecom_LA_21510108UITests.swift */; };
		5E5335882BC4113600B8413D /* Ecom_LA_21510108UITestsLaunchTests.swift in Sources */ = {isa = PBXBuildFile; fileRef = 5E5335872BC4113600B8413D /* Ecom_LA_21510108UITestsLaunchTests.swift */; };
/* End PBXBuildFile section */

/* Begin PBXContainerItemProxy section */
		5E5335782BC4113600B8413D /* PBXContainerItemProxy */ = {
			isa = PBXContainerItemProxy;
			containerPortal = 5E5335592BC4113500B8413D /* Project object */;
			proxyType = 1;
			remoteGlobalIDString = 5E5335602BC4113500B8413D;
			remoteInfo = Ecom_LA_21510108;
		};
		5E5335822BC4113600B8413D /* PBXContainerItemProxy */ = {
			isa = PBXContainerItemProxy;
			containerPortal = 5E5335592BC4113500B8413D /* Project object */;
			proxyType = 1;
			remoteGlobalIDString = 5E5335602BC4113500B8413D;
			remoteInfo = Ecom_LA_21510108;
		};
/* End PBXContainerItemProxy section */

/* Begin PBXFileReference section */
		5E5335612BC4113500B8413D /* Ecom_LA_21510108.app */ = {isa = PBXFileReference; explicitFileType = wrapper.application; includeInIndex = 0; path = Ecom_LA_21510108.app; sourceTree = BUILT_PRODUCTS_DIR; };
		5E5335642BC4113500B8413D /* AppDelegate.swift */ = {isa = PBXFileReference; lastKnownFileType = sourcecode.swift; path = AppDelegate.swift; sourceTree = "<group>"; };
		5E5335662BC4113500B8413D /* SceneDelegate.swift */ = {isa = PBXFileReference; lastKnownFileType = sourcecode.swift; path = SceneDelegate.swift; sourceTree = "<group>"; };
		5E5335682BC4113500B8413D /* ViewController.swift */ = {isa = PBXFileReference; lastKnownFileType = sourcecode.swift; path = ViewController.swift; sourceTree = "<group>"; };
		5E53356B2BC4113500B8413D /* Base */ = {isa = PBXFileReference; lastKnownFileType = file.storyboard; name = Base; path = Base.lproj/Main.storyboard; sourceTree = "<group>"; };
		5E53356D2BC4113600B8413D /* Assets.xcassets */ = {isa = PBXFileReference; lastKnownFileType = folder.assetcatalog; path = Assets.xcassets; sourceTree = "<group>"; };
		5E5335702BC4113600B8413D /* Base */ = {isa = PBXFileReference; lastKnownFileType = file.storyboard; name = Base; path = Base.lproj/LaunchScreen.storyboard; sourceTree = "<group>"; };
		5E5335722BC4113600B8413D /* Info.plist */ = {isa = PBXFileReference; lastKnownFileType = text.plist.xml; path = Info.plist; sourceTree = "<group>"; };
		5E5335772BC4113600B8413D /* Ecom_LA_21510108Tests.xctest */ = {isa = PBXFileReference; explicitFileType = wrapper.cfbundle; includeInIndex = 0; path = Ecom_LA_21510108Tests.xctest; sourceTree = BUILT_PRODUCTS_DIR; };
		5E53357B2BC4113600B8413D /* Ecom_LA_21510108Tests.swift */ = {isa = PBXFileReference; lastKnownFileType = sourcecode.swift; path = Ecom_LA_21510108Tests.swift; sourceTree = "<group>"; };
		5E5335812BC4113600B8413D /* Ecom_LA_21510108UITests.xctest */ = {isa = PBXFileReference; explicitFileType = wrapper.cfbundle; includeInIndex = 0; path = Ecom_LA_21510108UITests.xctest; sourceTree = BUILT_PRODUCTS_DIR; };
		5E5335852BC4113600B8413D /* Ecom_LA_21510108UITests.swift */ = {isa = PBXFileReference; lastKnownFileType = sourcecode.swift; path = Ecom_LA_21510108UITests.swift; sourceTree = "<group>"; };
		5E5335872BC4113600B8413D /* Ecom_LA_21510108UITestsLaunchTests.swift */ = {isa = PBXFileReference; lastKnownFileType = sourcecode.swift; path = Ecom_LA_21510108UITestsLaunchTests.swift; sourceTree = "<group>"; };
/* End PBXFileReference section */

/* Begin PBXFrameworksBuildPhase section */
		5E53355E2BC4113500B8413D /* Frameworks */ = {
			isa = PBXFrameworksBuildPhase;
			buildActionMask = 2147483647;
			files = (
			);
			runOnlyForDeploymentPostprocessing = 0;
		};
		5E5335742BC4113600B8413D /* Frameworks */ = {
			isa = PBXFrameworksBuildPhase;
			buildActionMask = 2147483647;
			files = (
			);
			runOnlyForDeploymentPostprocessing = 0;
		};
		5E53357E2BC4113600B8413D /* Frameworks */ = {
			isa = PBXFrameworksBuildPhase;
			buildActionMask = 2147483647;
			files = (
			);
			runOnlyForDeploymentPostprocessing = 0;
		};
/* End PBXFrameworksBuildPhase section */

/* Begin PBXGroup section */
		5E5335582BC4113500B8413D = {
			isa = PBXGroup;
			children = (
				5E5335632BC4113500B8413D /* Ecom_LA_21510108 */,
				5E53357A2BC4113600B8413D /* Ecom_LA_21510108Tests */,
				5E5335842BC4113600B8413D /* Ecom_LA_21510108UITests */,
				5E5335622BC4113500B8413D /* Products */,
			);
			sourceTree = "<group>";
		};
		5E5335622BC4113500B8413D /* Products */ = {
			isa = PBXGroup;
			children = (
				5E5335612BC4113500B8413D /* Ecom_LA_21510108.app */,
				5E5335772BC4113600B8413D /* Ecom_LA_21510108Tests.xctest */,
				5E5335812BC4113600B8413D /* Ecom_LA_21510108UITests.xctest */,
			);
			name = Products;
			sourceTree = "<group>";
		};
		5E5335632BC4113500B8413D /* Ecom_LA_21510108 */ = {
			isa = PBXGroup;
			children = (
				5E5335642BC4113500B8413D /* AppDelegate.swift */,
				5E5335662BC4113500B8413D /* SceneDelegate.swift */,
				5E5335682BC4113500B8413D /* ViewController.swift */,
				5E53356A2BC4113500B8413D /* Main.storyboard */,
				5E53356D2BC4113600B8413D /* Assets.xcassets */,
				5E53356F2BC4113600B8413D /* LaunchScreen.storyboard */,
				5E5335722BC4113600B8413D /* Info.plist */,
			);
			path = Ecom_LA_21510108;
			sourceTree = "<group>";
		};
		5E53357A2BC4113600B8413D /* Ecom_LA_21510108Tests */ = {
			isa = PBXGroup;
			children = (
				5E53357B2BC4113600B8413D /* Ecom_LA_21510108Tests.swift */,
			);
			path = Ecom_LA_21510108Tests;
			sourceTree = "<group>";
		};
		5E5335842BC4113600B8413D /* Ecom_LA_21510108UITests */ = {
			isa = PBXGroup;
			children = (
				5E5335852BC4113600B8413D /* Ecom_LA_21510108UITests.swift */,
				5E5335872BC4113600B8413D /* Ecom_LA_21510108UITestsLaunchTests.swift */,
			);
			path = Ecom_LA_21510108UITests;
			sourceTree = "<group>";
		};
/* End PBXGroup section */

/* Begin PBXNativeTarget section */
		5E5335602BC4113500B8413D /* Ecom_LA_21510108 */ = {
			isa = PBXNativeTarget;
			buildConfigurationList = 5E53358B2BC4113600B8413D /* Build configuration list for PBXNativeTarget "Ecom_LA_21510108" */;
			buildPhases = (
				5E53355D2BC4113500B8413D /* Sources */,
				5E53355E2BC4113500B8413D /* Frameworks */,
				5E53355F2BC4113500B8413D /* Resources */,
			);
			buildRules = (
			);
			dependencies = (
			);
			name = Ecom_LA_21510108;
			productName = Ecom_LA_21510108;
			productReference = 5E5335612BC4113500B8413D /* Ecom_LA_21510108.app */;
			productType = "com.apple.product-type.application";
		};
		5E5335762BC4113600B8413D /* Ecom_LA_21510108Tests */ = {
			isa = PBXNativeTarget;
			buildConfigurationList = 5E53358E2BC4113600B8413D /* Build configuration list for PBXNativeTarget "Ecom_LA_21510108Tests" */;
			buildPhases = (
				5E5335732BC4113600B8413D /* Sources */,
				5E5335742BC4113600B8413D /* Frameworks */,
				5E5335752BC4113600B8413D /* Resources */,
			);
			buildRules = (
			);
			dependencies = (
				5E5335792BC4113600B8413D /* PBXTargetDependency */,
			);
			name = Ecom_LA_21510108Tests;
			productName = Ecom_LA_21510108Tests;
			productReference = 5E5335772BC4113600B8413D /* Ecom_LA_21510108Tests.xctest */;
			productType = "com.apple.product-type.bundle.unit-test";
		};
		5E5335802BC4113600B8413D /* Ecom_LA_21510108UITests */ = {
			isa = PBXNativeTarget;
			buildConfigurationList = 5E5335912BC4113600B8413D /* Build configuration list for PBXNativeTarget "Ecom_LA_21510108UITests" */;
			buildPhases = (
				5E53357D2BC4113600B8413D /* Sources */,
				5E53357E2BC4113600B8413D /* Frameworks */,
				5E53357F2BC4113600B8413D /* Resources */,
			);
			buildRules = (
			);
			dependencies = (
				5E5335832BC4113600B8413D /* PBXTargetDependency */,
			);
			name = Ecom_LA_21510108UITests;
			productName = Ecom_LA_21510108UITests;
			productReference = 5E5335812BC4113600B8413D /* Ecom_LA_21510108UITests.xctest */;
			productType = "com.apple.product-type.bundle.ui-testing";
		};
/* End PBXNativeTarget section */

/* Begin PBXProject section */
		5E5335592BC4113500B8413D /* Project object */ = {
			isa = PBXProject;
			attributes = {
				BuildIndependentTargetsInParallel = 1;
				LastSwiftUpdateCheck = 1420;
				LastUpgradeCheck = 1420;
				TargetAttributes = {
					5E5335602BC4113500B8413D = {
						CreatedOnToolsVersion = 14.2;
					};
					5E5335762BC4113600B8413D = {
						CreatedOnToolsVersion = 14.2;
						TestTargetID = 5E5335602BC4113500B8413D;
					};
					5E5335802BC4113600B8413D = {
						CreatedOnToolsVersion = 14.2;
						TestTargetID = 5E5335602BC4113500B8413D;
					};
				};
			};
			buildConfigurationList = 5E53355C2BC4113500B8413D /* Build configuration list for PBXProject "Ecom_LA_21510108" */;
			compatibilityVersion = "Xcode 14.0";
			developmentRegion = en;
			hasScannedForEncodings = 0;
			knownRegions = (
				en,
				Base,
			);
			mainGroup = 5E5335582BC4113500B8413D;
			productRefGroup = 5E5335622BC4113500B8413D /* Products */;
			projectDirPath = "";
			projectRoot = "";
			targets = (
				5E5335602BC4113500B8413D /* Ecom_LA_21510108 */,
				5E5335762BC4113600B8413D /* Ecom_LA_21510108Tests */,
				5E5335802BC4113600B8413D /* Ecom_LA_21510108UITests */,
			);
		};
/* End PBXProject section */

/* Begin PBXResourcesBuildPhase section */
		5E53355F2BC4113500B8413D /* Resources */ = {
			isa = PBXResourcesBuildPhase;
			buildActionMask = 2147483647;
			files = (
				5E5335712BC4113600B8413D /* LaunchScreen.storyboard in Resources */,
				5E53356E2BC4113600B8413D /* Assets.xcassets in Resources */,
				5E53356C2BC4113500B8413D /* Main.storyboard in Resources */,
			);
			runOnlyForDeploymentPostprocessing = 0;
		};
		5E5335752BC4113600B8413D /* Resources */ = {
			isa = PBXResourcesBuildPhase;
			buildActionMask = 2147483647;
			files = (
			);
			runOnlyForDeploymentPostprocessing = 0;
		};
		5E53357F2BC4113600B8413D /* Resources */ = {
			isa = PBXResourcesBuildPhase;
			buildActionMask = 2147483647;
			files = (
			);
			runOnlyForDeploymentPostprocessing = 0;
		};
/* End PBXResourcesBuildPhase section */

/* Begin PBXSourcesBuildPhase section */
		5E53355D2BC4113500B8413D /* Sources */ = {
			isa = PBXSourcesBuildPhase;
			buildActionMask = 2147483647;
			files = (
				5E5335692BC4113500B8413D /* ViewController.swift in Sources */,
				5E5335652BC4113500B8413D /* AppDelegate.swift in Sources */,
				5E5335672BC4113500B8413D /* SceneDelegate.swift in Sources */,
			);
			runOnlyForDeploymentPostprocessing = 0;
		};
		5E5335732BC4113600B8413D /* Sources */ = {
			isa = PBXSourcesBuildPhase;
			buildActionMask = 2147483647;
			files = (
				5E53357C2BC4113600B8413D /* Ecom_LA_21510108Tests.swift in Sources */,
			);
			runOnlyForDeploymentPostprocessing = 0;
		};
		5E53357D2BC4113600B8413D /* Sources */ = {
			isa = PBXSourcesBuildPhase;
			buildActionMask = 2147483647;
			files = (
				5E5335862BC4113600B8413D /* Ecom_LA_21510108UITests.swift in Sources */,
				5E5335882BC4113600B8413D /* Ecom_LA_21510108UITestsLaunchTests.swift in Sources */,
			);
			runOnlyForDeploymentPostprocessing = 0;
		};
/* End PBXSourcesBuildPhase section */

/* Begin PBXTargetDependency section */
		5E5335792BC4113600B8413D /* PBXTargetDependency */ = {
			isa = PBXTargetDependency;
			target = 5E5335602BC4113500B8413D /* Ecom_LA_21510108 */;
			targetProxy = 5E5335782BC4113600B8413D /* PBXContainerItemProxy */;
		};
		5E5335832BC4113600B8413D /* PBXTargetDependency */ = {
			isa = PBXTargetDependency;
			target = 5E5335602BC4113500B8413D /* Ecom_LA_21510108 */;
			targetProxy = 5E5335822BC4113600B8413D /* PBXContainerItemProxy */;
		};
/* End PBXTargetDependency section */

/* Begin PBXVariantGroup section */
		5E53356A2BC4113500B8413D /* Main.storyboard */ = {
			isa = PBXVariantGroup;
			children = (
				5E53356B2BC4113500B8413D /* Base */,
			);
			name = Main.storyboard;
			sourceTree = "<group>";
		};
		5E53356F2BC4113600B8413D /* LaunchScreen.storyboard */ = {
			isa = PBXVariantGroup;
			children = (
				5E5335702BC4113600B8413D /* Base */,
			);
			name = LaunchScreen.storyboard;
			sourceTree = "<group>";
		};
/* End PBXVariantGroup section */

/* Begin XCBuildConfiguration section */
		5E5335892BC4113600B8413D /* Debug */ = {
			isa = XCBuildConfiguration;
			buildSettings = {
				ALWAYS_SEARCH_USER_PATHS = NO;
				CLANG_ANALYZER_NONNULL = YES;
				CLANG_ANALYZER_NUMBER_OBJECT_CONVERSION = YES_AGGRESSIVE;
				CLANG_CXX_LANGUAGE_STANDARD = "gnu++20";
				CLANG_ENABLE_MODULES = YES;
				CLANG_ENABLE_OBJC_ARC = YES;
				CLANG_ENABLE_OBJC_WEAK = YES;
				CLANG_WARN_BLOCK_CAPTURE_AUTORELEASING = YES;
				CLANG_WARN_BOOL_CONVERSION = YES;
				CLANG_WARN_COMMA = YES;
				CLANG_WARN_CONSTANT_CONVERSION = YES;
				CLANG_WARN_DEPRECATED_OBJC_IMPLEMENTATIONS = YES;
				CLANG_WARN_DIRECT_OBJC_ISA_USAGE = YES_ERROR;
				CLANG_WARN_DOCUMENTATION_COMMENTS = YES;
				CLANG_WARN_EMPTY_BODY = YES;
				CLANG_WARN_ENUM_CONVERSION = YES;
				CLANG_WARN_INFINITE_RECURSION = YES;
				CLANG_WARN_INT_CONVERSION = YES;
				CLANG_WARN_NON_LITERAL_NULL_CONVERSION = YES;
				CLANG_WARN_OBJC_IMPLICIT_RETAIN_SELF = YES;
				CLANG_WARN_OBJC_LITERAL_CONVERSION = YES;
				CLANG_WARN_OBJC_ROOT_CLASS = YES_ERROR;
				CLANG_WARN_QUOTED_INCLUDE_IN_FRAMEWORK_HEADER = YES;
				CLANG_WARN_RANGE_LOOP_ANALYSIS = YES;
				CLANG_WARN_STRICT_PROTOTYPES = YES;
				CLANG_WARN_SUSPICIOUS_MOVE = YES;
				CLANG_WARN_UNGUARDED_AVAILABILITY = YES_AGGRESSIVE;
				CLANG_WARN_UNREACHABLE_CODE = YES;
				CLANG_WARN__DUPLICATE_METHOD_MATCH = YES;
				COPY_PHASE_STRIP = NO;
				DEBUG_INFORMATION_FORMAT = dwarf;
				ENABLE_STRICT_OBJC_MSGSEND = YES;
				ENABLE_TESTABILITY = YES;
				GCC_C_LANGUAGE_STANDARD = gnu11;
				GCC_DYNAMIC_NO_PIC = NO;
				GCC_NO_COMMON_BLOCKS = YES;
				GCC_OPTIMIZATION_LEVEL = 0;
				GCC_PREPROCESSOR_DEFINITIONS = (
					"DEBUG=1",
					"$(inherited)",
				);
				GCC_WARN_64_TO_32_BIT_CONVERSION = YES;
				GCC_WARN_ABOUT_RETURN_TYPE = YES_ERROR;
				GCC_WARN_UNDECLARED_SELECTOR = YES;
				GCC_WARN_UNINITIALIZED_AUTOS = YES_AGGRESSIVE;
				GCC_WARN_UNUSED_FUNCTION = YES;
				GCC_WARN_UNUSED_VARIABLE = YES;
				IPHONEOS_DEPLOYMENT_TARGET = 16.2;
				MTL_ENABLE_DEBUG_INFO = INCLUDE_SOURCE;
				MTL_FAST_MATH = YES;
				ONLY_ACTIVE_ARCH = YES;
				SDKROOT = iphoneos;
				SWIFT_ACTIVE_COMPILATION_CONDITIONS = DEBUG;
				SWIFT_OPTIMIZATION_LEVEL = "-Onone";
			};
			name = Debug;
		};
		5E53358A2BC4113600B8413D /* Release */ = {
			isa = XCBuildConfiguration;
			buildSettings = {
				ALWAYS_SEARCH_USER_PATHS = NO;
				CLANG_ANALYZER_NONNULL = YES;
				CLANG_ANALYZER_NUMBER_OBJECT_CONVERSION = YES_AGGRESSIVE;
				CLANG_CXX_LANGUAGE_STANDARD = "gnu++20";
				CLANG_ENABLE_MODULES = YES;
				CLANG_ENABLE_OBJC_ARC = YES;
				CLANG_ENABLE_OBJC_WEAK = YES;
				CLANG_WARN_BLOCK_CAPTURE_AUTORELEASING = YES;
				CLANG_WARN_BOOL_CONVERSION = YES;
				CLANG_WARN_COMMA = YES;
				CLANG_WARN_CONSTANT_CONVERSION = YES;
				CLANG_WARN_DEPRECATED_OBJC_IMPLEMENTATIONS = YES;
				CLANG_WARN_DIRECT_OBJC_ISA_USAGE = YES_ERROR;
				CLANG_WARN_DOCUMENTATION_COMMENTS = YES;
				CLANG_WARN_EMPTY_BODY = YES;
				CLANG_WARN_ENUM_CONVERSION = YES;
				CLANG_WARN_INFINITE_RECURSION = YES;
				CLANG_WARN_INT_CONVERSION = YES;
				CLANG_WARN_NON_LITERAL_NULL_CONVERSION = YES;
				CLANG_WARN_OBJC_IMPLICIT_RETAIN_SELF = YES;
				CLANG_WARN_OBJC_LITERAL_CONVERSION = YES;
				CLANG_WARN_OBJC_ROOT_CLASS = YES_ERROR;
				CLANG_WARN_QUOTED_INCLUDE_IN_FRAMEWORK_HEADER = YES;
				CLANG_WARN_RANGE_LOOP_ANALYSIS = YES;
				CLANG_WARN_STRICT_PROTOTYPES = YES;
				CLANG_WARN_SUSPICIOUS_MOVE = YES;
				CLANG_WARN_UNGUARDED_AVAILABILITY = YES_AGGRESSIVE;
				CLANG_WARN_UNREACHABLE_CODE = YES;
				CLANG_WARN__DUPLICATE_METHOD_MATCH = YES;
				COPY_PHASE_STRIP = NO;
				DEBUG_INFORMATION_FORMAT = "dwarf-with-dsym";
				ENABLE_NS_ASSERTIONS = NO;
				ENABLE_STRICT_OBJC_MSGSEND = YES;
				GCC_C_LANGUAGE_STANDARD = gnu11;
				GCC_NO_COMMON_BLOCKS = YES;
				GCC_WARN_64_TO_32_BIT_CONVERSION = YES;
				GCC_WARN_ABOUT_RETURN_TYPE = YES_ERROR;
				GCC_WARN_UNDECLARED_SELECTOR = YES;
				GCC_WARN_UNINITIALIZED_AUTOS = YES_AGGRESSIVE;
				GCC_WARN_UNUSED_FUNCTION = YES;
				GCC_WARN_UNUSED_VARIABLE = YES;
				IPHONEOS_DEPLOYMENT_TARGET = 16.2;
				MTL_ENABLE_DEBUG_INFO = NO;
				MTL_FAST_MATH = YES;
				SDKROOT = iphoneos;
				SWIFT_COMPILATION_MODE = wholemodule;
				SWIFT_OPTIMIZATION_LEVEL = "-O";
				VALIDATE_PRODUCT = YES;
			};
			name = Release;
		};
		5E53358C2BC4113600B8413D /* Debug */ = {
			isa = XCBuildConfiguration;
			buildSettings = {
				ASSETCATALOG_COMPILER_APPICON_NAME = AppIcon;
				ASSETCATALOG_COMPILER_GLOBAL_ACCENT_COLOR_NAME = AccentColor;
				CODE_SIGN_STYLE = Automatic;
				CURRENT_PROJECT_VERSION = 1;
				GENERATE_INFOPLIST_FILE = YES;
				INFOPLIST_FILE = Ecom_LA_21510108/Info.plist;
				INFOPLIST_KEY_UIApplicationSupportsIndirectInputEvents = YES;
				INFOPLIST_KEY_UILaunchStoryboardName = LaunchScreen;
				INFOPLIST_KEY_UIMainStoryboardFile = Main;
				INFOPLIST_KEY_UISupportedInterfaceOrientations_iPad = "UIInterfaceOrientationPortrait UIInterfaceOrientationPortraitUpsideDown UIInterfaceOrientationLandscapeLeft UIInterfaceOrientationLandscapeRight";
				INFOPLIST_KEY_UISupportedInterfaceOrientations_iPhone = "UIInterfaceOrientationPortrait UIInterfaceOrientationLandscapeLeft UIInterfaceOrientationLandscapeRight";
				LD_RUNPATH_SEARCH_PATHS = (
					"$(inherited)",
					"@executable_path/Frameworks",
				);
				MARKETING_VERSION = 1.0;
				PRODUCT_BUNDLE_IDENTIFIER = "SANIKA.Ecom-LA-21510108";
				PRODUCT_NAME = "$(TARGET_NAME)";
				SWIFT_EMIT_LOC_STRINGS = YES;
				SWIFT_VERSION = 5.0;
				TARGETED_DEVICE_FAMILY = "1,2";
			};
			name = Debug;
		};
		5E53358D2BC4113600B8413D /* Release */ = {
			isa = XCBuildConfiguration;
			buildSettings = {
				ASSETCATALOG_COMPILER_APPICON_NAME = AppIcon;
				ASSETCATALOG_COMPILER_GLOBAL_ACCENT_COLOR_NAME = AccentColor;
				CODE_SIGN_STYLE = Automatic;
				CURRENT_PROJECT_VERSION = 1;
				GENERATE_INFOPLIST_FILE = YES;
				INFOPLIST_FILE = Ecom_LA_21510108/Info.plist;
				INFOPLIST_KEY_UIApplicationSupportsIndirectInputEvents = YES;
				INFOPLIST_KEY_UILaunchStoryboardName = LaunchScreen;
				INFOPLIST_KEY_UIMainStoryboardFile = Main;
				INFOPLIST_KEY_UISupportedInterfaceOrientations_iPad = "UIInterfaceOrientationPortrait UIInterfaceOrientationPortraitUpsideDown UIInterfaceOrientationLandscapeLeft UIInterfaceOrientationLandscapeRight";
				INFOPLIST_KEY_UISupportedInterfaceOrientations_iPhone = "UIInterfaceOrientationPortrait UIInterfaceOrientationLandscapeLeft UIInterfaceOrientationLandscapeRight";
				LD_RUNPATH_SEARCH_PATHS = (
					"$(inherited)",
					"@executable_path/Frameworks",
				);
				MARKETING_VERSION = 1.0;
				PRODUCT_BUNDLE_IDENTIFIER = "SANIKA.Ecom-LA-21510108";
				PRODUCT_NAME = "$(TARGET_NAME)";
				SWIFT_EMIT_LOC_STRINGS = YES;
				SWIFT_VERSION = 5.0;
				TARGETED_DEVICE_FAMILY = "1,2";
			};
			name = Release;
		};
		5E53358F2BC4113600B8413D /* Debug */ = {
			isa = XCBuildConfiguration;
			buildSettings = {
				ALWAYS_EMBED_SWIFT_STANDARD_LIBRARIES = YES;
				BUNDLE_LOADER = "$(TEST_HOST)";
				CODE_SIGN_STYLE = Automatic;
				CURRENT_PROJECT_VERSION = 1;
				GENERATE_INFOPLIST_FILE = YES;
				IPHONEOS_DEPLOYMENT_TARGET = 16.2;
				MARKETING_VERSION = 1.0;
				PRODUCT_BUNDLE_IDENTIFIER = "SANIKA.Ecom-LA-21510108Tests";
				PRODUCT_NAME = "$(TARGET_NAME)";
				SWIFT_EMIT_LOC_STRINGS = NO;
				SWIFT_VERSION = 5.0;
				TARGETED_DEVICE_FAMILY = "1,2";
				TEST_HOST = "$(BUILT_PRODUCTS_DIR)/Ecom_LA_21510108.app/$(BUNDLE_EXECUTABLE_FOLDER_PATH)/Ecom_LA_21510108";
			};
			name = Debug;
		};
		5E5335902BC4113600B8413D /* Release */ = {
			isa = XCBuildConfiguration;
			buildSettings = {
				ALWAYS_EMBED_SWIFT_STANDARD_LIBRARIES = YES;
				BUNDLE_LOADER = "$(TEST_HOST)";
				CODE_SIGN_STYLE = Automatic;
				CURRENT_PROJECT_VERSION = 1;
				GENERATE_INFOPLIST_FILE = YES;
				IPHONEOS_DEPLOYMENT_TARGET = 16.2;
				MARKETING_VERSION = 1.0;
				PRODUCT_BUNDLE_IDENTIFIER = "SANIKA.Ecom-LA-21510108Tests";
				PRODUCT_NAME = "$(TARGET_NAME)";
				SWIFT_EMIT_LOC_STRINGS = NO;
				SWIFT_VERSION = 5.0;
				TARGETED_DEVICE_FAMILY = "1,2";
				TEST_HOST = "$(BUILT_PRODUCTS_DIR)/Ecom_LA_21510108.app/$(BUNDLE_EXECUTABLE_FOLDER_PATH)/Ecom_LA_21510108";
			};
			name = Release;
		};
		5E5335922BC4113600B8413D /* Debug */ = {
			isa = XCBuildConfiguration;
			buildSettings = {
				ALWAYS_EMBED_SWIFT_STANDARD_LIBRARIES = YES;
				CODE_SIGN_STYLE = Automatic;
				CURRENT_PROJECT_VERSION = 1;
				GENERATE_INFOPLIST_FILE = YES;
				MARKETING_VERSION = 1.0;
				PRODUCT_BUNDLE_IDENTIFIER = "SANIKA.Ecom-LA-21510108UITests";
				PRODUCT_NAME = "$(TARGET_NAME)";
				SWIFT_EMIT_LOC_STRINGS = NO;
				SWIFT_VERSION = 5.0;
				TARGETED_DEVICE_FAMILY = "1,2";
				TEST_TARGET_NAME = Ecom_LA_21510108;
			};
			name = Debug;
		};
		5E5335932BC4113600B8413D /* Release */ = {
			isa = XCBuildConfiguration;
			buildSettings = {
				ALWAYS_EMBED_SWIFT_STANDARD_LIBRARIES = YES;
				CODE_SIGN_STYLE = Automatic;
				CURRENT_PROJECT_VERSION = 1;
				GENERATE_INFOPLIST_FILE = YES;
				MARKETING_VERSION = 1.0;
				PRODUCT_BUNDLE_IDENTIFIER = "SANIKA.Ecom-LA-21510108UITests";
				PRODUCT_NAME = "$(TARGET_NAME)";
				SWIFT_EMIT_LOC_STRINGS = NO;
				SWIFT_VERSION = 5.0;
				TARGETED_DEVICE_FAMILY = "1,2";
				TEST_TARGET_NAME = Ecom_LA_21510108;
			};
			name = Release;
		};
/* End XCBuildConfiguration section */

/* Begin XCConfigurationList section */
		5E53355C2BC4113500B8413D /* Build configuration list for PBXProject "Ecom_LA_21510108" */ = {
			isa = XCConfigurationList;
			buildConfigurations = (
				5E5335892BC4113600B8413D /* Debug */,
				5E53358A2BC4113600B8413D /* Release */,
			);
			defaultConfigurationIsVisible = 0;
			defaultConfigurationName = Release;
		};
		5E53358B2BC4113600B8413D /* Build configuration list for PBXNativeTarget "Ecom_LA_21510108" */ = {
			isa = XCConfigurationList;
			buildConfigurations = (
				5E53358C2BC4113600B8413D /* Debug */,
				5E53358D2BC4113600B8413D /* Release */,
			);
			defaultConfigurationIsVisible = 0;
			defaultConfigurationName = Release;
		};
		5E53358E2BC4113600B8413D /* Build configuration list for PBXNativeTarget "Ecom_LA_21510108Tests" */ = {
			isa = XCConfigurationList;
			buildConfigurations = (
				5E53358F2BC4113600B8413D /* Debug */,
				5E5335902BC4113600B8413D /* Release */,
			);
			defaultConfigurationIsVisible = 0;
			defaultConfigurationName = Release;
		};
		5E5335912BC4113600B8413D /* Build configuration list for PBXNativeTarget "Ecom_LA_21510108UITests" */ = {
			isa = XCConfigurationList;
			buildConfigurations = (
				5E5335922BC4113600B8413D /* Debug */,
				5E5335932BC4113600B8413D /* Release */,
			);
			defaultConfigurationIsVisible = 0;
			defaultConfigurationName = Release;
		};
/* End XCConfigurationList section */
	};
	rootObject = 5E5335592BC4113500B8413D /* Project object */;
}
